# This file is generated by running "yarn install" inside your project.
# Manual changes might be lost - proceed with caution!

__metadata:
  version: 6
  cacheKey: 8

"clean-fast-api@workspace:.":
  version: 0.0.0-use.local
  resolution: "clean-fast-api@workspace:."
  dependencies:
    pyright: ^1.1.222
  languageName: unknown
  linkType: soft

"pyright@npm:^1.1.222":
  version: 1.1.222
  resolution: "pyright@npm:1.1.222"
  bin:
    pyright: index.js
    pyright-langserver: langserver.index.js
  checksum: 8a3518c328d0d334ada133636ba9c14e153b1f3944cd3685663d0c8e55a7ab41e0ea5935da6fd1d9ada2f83b086cff89c8d2540f76ba28491a3bd3c347f9eb80
  languageName: node
  linkType: hard
